
Microsoft Visual Studio Solution File, Format Version 12.00
# Visual Studio Version 17
VisualStudioVersion = 17.5.33516.290
MinimumVisualStudioVersion = 10.0.40219.1
Project("{9A19103F-16F7-4668-BE54-9A1E7A4F7556}") = "TaskManagerUI", "TaskManager\TaskManagerUI.csproj", "{58094150-C9A0-47F0-92EB-FC5D0D79F51C}"
EndProject
Project("{9A19103F-16F7-4668-BE54-9A1E7A4F7556}") = "BLL", "BLL\BLL.csproj", "{1D909AB6-49FA-45EF-93AD-E388344DFCA9}"
EndProject
Project("{9A19103F-16F7-4668-BE54-9A1E7A4F7556}") = "DAL", "DAL\DAL.csproj", "{36DA46A9-AE29-423B-AD7D-0F699F736D31}"
EndProject
Global
	GlobalSection(SolutionConfigurationPlatforms) = preSolution
		Debug|Any CPU = Debug|Any CPU
		Release|Any CPU = Release|Any CPU
	EndGlobalSection
	GlobalSection(ProjectConfigurationPlatforms) = postSolution
		{58094150-C9A0-47F0-92EB-FC5D0D79F51C}.Debug|Any CPU.ActiveCfg = Debug|Any CPU
		{58094150-C9A0-47F0-92EB-FC5D0D79F51C}.Debug|Any CPU.Build.0 = Debug|Any CPU
		{58094150-C9A0-47F0-92EB-FC5D0D79F51C}.Release|Any CPU.ActiveCfg = Release|Any CPU
		{58094150-C9A0-47F0-92EB-FC5D0D79F51C}.Release|Any CPU.Build.0 = Release|Any CPU
		{1D909AB6-49FA-45EF-93AD-E388344DFCA9}.Debug|Any CPU.ActiveCfg = Debug|Any CPU
		{1D909AB6-49FA-45EF-93AD-E388344DFCA9}.Debug|Any CPU.Build.0 = Debug|Any CPU
		{1D909AB6-49FA-45EF-93AD-E388344DFCA9}.Release|Any CPU.ActiveCfg = Release|Any CPU
		{1D909AB6-49FA-45EF-93AD-E388344DFCA9}.Release|Any CPU.Build.0 = Release|Any CPU
		{36DA46A9-AE29-423B-AD7D-0F699F736D31}.Debug|Any CPU.ActiveCfg = Debug|Any CPU
		{36DA46A9-AE29-423B-AD7D-0F699F736D31}.Debug|Any CPU.Build.0 = Debug|Any CPU
		{36DA46A9-AE29-423B-AD7D-0F699F736D31}.Release|Any CPU.ActiveCfg = Release|Any CPU
		{36DA46A9-AE29-423B-AD7D-0F699F736D31}.Release|Any CPU.Build.0 = Release|Any CPU
	EndGlobalSection
	GlobalSection(SolutionProperties) = preSolution
		HideSolutionNode = FALSE
	EndGlobalSection
	GlobalSection(ExtensibilityGlobals) = postSolution
		SolutionGuid = {E34FE3D4-C592-442D-A7B1-39C067A3FE4D}
	EndGlobalSection
EndGlobal
